{
  "name": "open-version-pack",
  "version": "0.0.1",
  "lockfileVersion": 1,
  "requires": true,
  "dependencies": {
    "@thi.ng/api": {
      "version": "8.0.3",
      "resolved": "https://registry.npmjs.org/@thi.ng/api/-/api-8.0.3.tgz",
      "integrity": "sha512-jtEnYe6j2HJvZx48EO+M4K0LlPxhHPAJojwbrp7iNZvgeqAYlo52yvzlXCOqaZaplNAd0YCwoj/mwRVwfKHtiA=="
    },
    "@thi.ng/checks": {
      "version": "3.0.3",
      "resolved": "https://registry.npmjs.org/@thi.ng/checks/-/checks-3.0.3.tgz",
      "integrity": "sha512-zkh19lUYGXLdYaWhuauJ5Wnc6GqPpghQlTgIkgGk0C0uroG2MVante4MHieAcGboi3iBNgLh6XcBKabZrccczg==",
      "requires": {
        "tslib": "^2.3.1"
      }
    },
    "@thi.ng/dot": {
      "version": "2.0.3",
      "resolved": "https://registry.npmjs.org/@thi.ng/dot/-/dot-2.0.3.tgz",
      "integrity": "sha512-KC8GI6gfF036xxjYFW7j26CgMgIYXUbtS4L4pcFlTzIZzSF0sVIeNBXRj68v1QC6+H7LEWQlMOUQZWfQiA/g3A==",
      "requires": {
        "@thi.ng/api": "^8.0.3",
        "@thi.ng/checks": "^3.0.3"
      }
    },
    "csv-parse": {
      "version": "4.16.3",
      "resolved": "https://registry.npmjs.org/csv-parse/-/csv-parse-4.16.3.tgz",
      "integrity": "sha512-cO1I/zmz4w2dcKHVvpCr7JVRu8/FymG5OEpmvsZYlccYolPBLoVGKUHgNoc4ZGkFeFlWGEDmMyBM+TTqRdW/wg=="
    },
    "json-to-dot": {
      "version": "1.1.0",
      "resolved": "https://registry.npmjs.org/json-to-dot/-/json-to-dot-1.1.0.tgz",
      "integrity": "sha512-fDzyyOizvgSYHcVXCut2CxtrA6K22z8lfVD7fGv6jJtXmxzaTsQ10SO4gqYU3TQ6EiQrozFiZlGUlNBB1SPyCQ=="
    },
    "tslib": {
      "version": "2.3.1",
      "resolved": "https://registry.npmjs.org/tslib/-/tslib-2.3.1.tgz",
      "integrity": "sha512-77EbyPPpMz+FRFRuAFlWMtmgUWGe9UOG2Z25NqCwiIjRhOf5iKGuzSe5P2w1laq+FkRy4p+PCuVkJSGkzTEKVw=="
    }
  }
}
