{
  "name": "open-version-pack",
  "version": "0.0.1",
  "lockfileVersion": 1,
  "requires": true,
  "dependencies": {
    "csv-parse": {
      "version": "4.16.3",
      "resolved": "https://registry.npmjs.org/csv-parse/-/csv-parse-4.16.3.tgz",
      "integrity": "sha512-cO1I/zmz4w2dcKHVvpCr7JVRu8/FymG5OEpmvsZYlccYolPBLoVGKUHgNoc4ZGkFeFlWGEDmMyBM+TTqRdW/wg=="
    },
    "json-to-dot": {
      "version": "1.1.0",
      "resolved": "https://registry.npmjs.org/json-to-dot/-/json-to-dot-1.1.0.tgz",
      "integrity": "sha512-fDzyyOizvgSYHcVXCut2CxtrA6K22z8lfVD7fGv6jJtXmxzaTsQ10SO4gqYU3TQ6EiQrozFiZlGUlNBB1SPyCQ=="
    }
  }
}
